
Microsoft Visual Studio Solution File, Format Version 12.00
# Visual Studio Version 16
VisualStudioVersion = 16.0.31729.503
MinimumVisualStudioVersion = 10.0.40219.1
Project("{FAE04EC0-301F-11D3-BF4B-00C04F79EFBC}") = "WpfAppFramework", "WpfAppFramework.csproj", "{1856763A-8ED6-4077-BBF6-303136FCDD6D}"
EndProject
Project("{FAE04EC0-301F-11D3-BF4B-00C04F79EFBC}") = "ResourceStudyWpfApp", "..\ResourceStudyWpfApp\ResourceStudyWpfApp.csproj", "{CF569C42-FBD6-4DA9-A9BB-6C096B6C19CB}"
EndProject
Global
	GlobalSection(SolutionConfigurationPlatforms) = preSolution
		Debug|Any CPU = Debug|Any CPU
		Release|Any CPU = Release|Any CPU
	EndGlobalSection
	GlobalSection(ProjectConfigurationPlatforms) = postSolution
		{1856763A-8ED6-4077-BBF6-303136FCDD6D}.Debug|Any CPU.ActiveCfg = Debug|Any CPU
		{1856763A-8ED6-4077-BBF6-303136FCDD6D}.Debug|Any CPU.Build.0 = Debug|Any CPU
		{1856763A-8ED6-4077-BBF6-303136FCDD6D}.Release|Any CPU.ActiveCfg = Release|Any CPU
		{1856763A-8ED6-4077-BBF6-303136FCDD6D}.Release|Any CPU.Build.0 = Release|Any CPU
		{CF569C42-FBD6-4DA9-A9BB-6C096B6C19CB}.Debug|Any CPU.ActiveCfg = Debug|Any CPU
		{CF569C42-FBD6-4DA9-A9BB-6C096B6C19CB}.Debug|Any CPU.Build.0 = Debug|Any CPU
		{CF569C42-FBD6-4DA9-A9BB-6C096B6C19CB}.Release|Any CPU.ActiveCfg = Release|Any CPU
		{CF569C42-FBD6-4DA9-A9BB-6C096B6C19CB}.Release|Any CPU.Build.0 = Release|Any CPU
	EndGlobalSection
	GlobalSection(SolutionProperties) = preSolution
		HideSolutionNode = FALSE
	EndGlobalSection
	GlobalSection(ExtensibilityGlobals) = postSolution
		SolutionGuid = {9A2B2E72-02D9-4C62-8C00-A6394D87CB92}
	EndGlobalSection
EndGlobal
